
Microsoft Visual Studio Solution File, Format Version 12.00
# Visual Studio Version 17
VisualStudioVersion = 17.0.31903.59
MinimumVisualStudioVersion = 10.0.40219.1
Project("{2150E333-8FDC-42A3-9474-1A3956D46DE8}") = "src", "src", "{6F3258DE-4EB2-4E6F-A142-AAB2951BE3B9}"
EndProject
Project("{FAE04EC0-301F-11D3-BF4B-00C04F79EFBC}") = "TooLazyForGenerators", "src\TooLazyForGenerators\TooLazyForGenerators.csproj", "{51A2F432-22C1-4E63-80C8-19DE71C34BB4}"
EndProject
Project("{2150E333-8FDC-42A3-9474-1A3956D46DE8}") = "samples", "samples", "{2D70A16B-398C-4D99-A6A5-0B300360753F}"
EndProject
Project("{FAE04EC0-301F-11D3-BF4B-00C04F79EFBC}") = "ExampleApp", "samples\ExampleApp\ExampleApp.csproj", "{B8C88317-C70D-4A28-A3C0-6822E9566695}"
EndProject
Project("{FAE04EC0-301F-11D3-BF4B-00C04F79EFBC}") = "MinimalGenerator", "samples\MinimalGenerator\MinimalGenerator.csproj", "{6ED02D9D-E8E8-474A-A9CE-236AE2ED248A}"
EndProject
Global
	GlobalSection(SolutionConfigurationPlatforms) = preSolution
		Debug|Any CPU = Debug|Any CPU
		Release|Any CPU = Release|Any CPU
	EndGlobalSection
	GlobalSection(SolutionProperties) = preSolution
		HideSolutionNode = FALSE
	EndGlobalSection
	GlobalSection(ProjectConfigurationPlatforms) = postSolution
		{51A2F432-22C1-4E63-80C8-19DE71C34BB4}.Debug|Any CPU.ActiveCfg = Debug|Any CPU
		{51A2F432-22C1-4E63-80C8-19DE71C34BB4}.Debug|Any CPU.Build.0 = Debug|Any CPU
		{51A2F432-22C1-4E63-80C8-19DE71C34BB4}.Release|Any CPU.ActiveCfg = Release|Any CPU
		{51A2F432-22C1-4E63-80C8-19DE71C34BB4}.Release|Any CPU.Build.0 = Release|Any CPU
		{B8C88317-C70D-4A28-A3C0-6822E9566695}.Debug|Any CPU.ActiveCfg = Debug|Any CPU
		{B8C88317-C70D-4A28-A3C0-6822E9566695}.Debug|Any CPU.Build.0 = Debug|Any CPU
		{B8C88317-C70D-4A28-A3C0-6822E9566695}.Release|Any CPU.ActiveCfg = Release|Any CPU
		{B8C88317-C70D-4A28-A3C0-6822E9566695}.Release|Any CPU.Build.0 = Release|Any CPU
		{6ED02D9D-E8E8-474A-A9CE-236AE2ED248A}.Debug|Any CPU.ActiveCfg = Debug|Any CPU
		{6ED02D9D-E8E8-474A-A9CE-236AE2ED248A}.Debug|Any CPU.Build.0 = Debug|Any CPU
		{6ED02D9D-E8E8-474A-A9CE-236AE2ED248A}.Release|Any CPU.ActiveCfg = Release|Any CPU
		{6ED02D9D-E8E8-474A-A9CE-236AE2ED248A}.Release|Any CPU.Build.0 = Release|Any CPU
	EndGlobalSection
	GlobalSection(NestedProjects) = preSolution
		{51A2F432-22C1-4E63-80C8-19DE71C34BB4} = {6F3258DE-4EB2-4E6F-A142-AAB2951BE3B9}
		{B8C88317-C70D-4A28-A3C0-6822E9566695} = {2D70A16B-398C-4D99-A6A5-0B300360753F}
		{6ED02D9D-E8E8-474A-A9CE-236AE2ED248A} = {2D70A16B-398C-4D99-A6A5-0B300360753F}
	EndGlobalSection
EndGlobal
